# This file is automatically @generated by Cargo.
# It is not intended for manual editing.
version = 4

[[package]]
name = "caaqi"
version = "0.1.0"
dependencies = [
 "scoped-tls-hkt",
 "slotmap",
 "smallvec",
]

[[package]]
name = "caaqi-testing"
version = "0.1.0"
dependencies = [
 "caaqi",
]

[[package]]
name = "scoped-tls-hkt"
version = "0.1.5"
source = "registry+https://github.com/rust-lang/crates.io-index"
checksum = "e9603871ffe5df3ac39cb624790c296dbd47a400d202f56bf3e414045099524d"

[[package]]
name = "slotmap"
version = "1.1.1"
source = "registry+https://github.com/rust-lang/crates.io-index"
checksum = "bdd58c3c93c3d278ca835519292445cb4b0d4dc59ccfdf7ceadaab3f8aeb4038"
dependencies = [
 "version_check",
]

[[package]]
name = "smallvec"
version = "1.16.1"
source = "registry+https://github.com/rust-lang/crates.io-index"
checksum = "ba467056f1b547ed52077911161fc86985becbc60e8e1857c8a144dab0def891"

[[package]]
name = "version_check"
version = "0.9.5"
source = "registry+https://github.com/rust-lang/crates.io-index"
checksum = "0b928f33d975fc6ad9f86c8f283853ad26bdd5b10b7f1542aa2fa15e2289105a"
